
Microsoft Visual Studio Solution File, Format Version 12.00
# Visual Studio 15
VisualStudioVersion = 15.0.26124.0
MinimumVisualStudioVersion = 15.0.26124.0
Project("{2150E333-8FDC-42A3-9474-1A3956D46DE8}") = "src", "src", "{95AF3621-9378-4BC6-8A3F-A097256F6B8D}"
EndProject
Project("{FAE04EC0-301F-11D3-BF4B-00C04F79EFBC}") = "srp", "src\srp\srp.csproj", "{977A344E-5FC2-4DF5-AF22-D9C1CB52D8B1}"
EndProject
Project("{FAE04EC0-301F-11D3-BF4B-00C04F79EFBC}") = "ocp", "src\ocp\ocp.csproj", "{8D03846A-62EB-4ABD-AE15-E00C5BC86F57}"
EndProject
Project("{FAE04EC0-301F-11D3-BF4B-00C04F79EFBC}") = "lsp", "src\lsp\lsp.csproj", "{1D398FFB-E387-4C54-ADB2-525144554873}"
EndProject
Project("{FAE04EC0-301F-11D3-BF4B-00C04F79EFBC}") = "isp", "src\isp\isp.csproj", "{5FB50967-82B7-4FFA-B537-A6CCDAD9057E}"
EndProject
Project("{FAE04EC0-301F-11D3-BF4B-00C04F79EFBC}") = "dip", "src\dip\dip.csproj", "{CF0FF9E7-378D-44FE-858E-F7A1CF133ECD}"
EndProject
Global
	GlobalSection(SolutionConfigurationPlatforms) = preSolution
		Debug|Any CPU = Debug|Any CPU
		Debug|x64 = Debug|x64
		Debug|x86 = Debug|x86
		Release|Any CPU = Release|Any CPU
		Release|x64 = Release|x64
		Release|x86 = Release|x86
	EndGlobalSection
	GlobalSection(SolutionProperties) = preSolution
		HideSolutionNode = FALSE
	EndGlobalSection
	GlobalSection(ProjectConfigurationPlatforms) = postSolution
		{977A344E-5FC2-4DF5-AF22-D9C1CB52D8B1}.Debug|Any CPU.ActiveCfg = Debug|Any CPU
		{977A344E-5FC2-4DF5-AF22-D9C1CB52D8B1}.Debug|Any CPU.Build.0 = Debug|Any CPU
		{977A344E-5FC2-4DF5-AF22-D9C1CB52D8B1}.Debug|x64.ActiveCfg = Debug|x64
		{977A344E-5FC2-4DF5-AF22-D9C1CB52D8B1}.Debug|x64.Build.0 = Debug|x64
		{977A344E-5FC2-4DF5-AF22-D9C1CB52D8B1}.Debug|x86.ActiveCfg = Debug|x86
		{977A344E-5FC2-4DF5-AF22-D9C1CB52D8B1}.Debug|x86.Build.0 = Debug|x86
		{977A344E-5FC2-4DF5-AF22-D9C1CB52D8B1}.Release|Any CPU.ActiveCfg = Release|Any CPU
		{977A344E-5FC2-4DF5-AF22-D9C1CB52D8B1}.Release|Any CPU.Build.0 = Release|Any CPU
		{977A344E-5FC2-4DF5-AF22-D9C1CB52D8B1}.Release|x64.ActiveCfg = Release|x64
		{977A344E-5FC2-4DF5-AF22-D9C1CB52D8B1}.Release|x64.Build.0 = Release|x64
		{977A344E-5FC2-4DF5-AF22-D9C1CB52D8B1}.Release|x86.ActiveCfg = Release|x86
		{977A344E-5FC2-4DF5-AF22-D9C1CB52D8B1}.Release|x86.Build.0 = Release|x86
		{8D03846A-62EB-4ABD-AE15-E00C5BC86F57}.Debug|Any CPU.ActiveCfg = Debug|Any CPU
		{8D03846A-62EB-4ABD-AE15-E00C5BC86F57}.Debug|Any CPU.Build.0 = Debug|Any CPU
		{8D03846A-62EB-4ABD-AE15-E00C5BC86F57}.Debug|x64.ActiveCfg = Debug|x64
		{8D03846A-62EB-4ABD-AE15-E00C5BC86F57}.Debug|x64.Build.0 = Debug|x64
		{8D03846A-62EB-4ABD-AE15-E00C5BC86F57}.Debug|x86.ActiveCfg = Debug|x86
		{8D03846A-62EB-4ABD-AE15-E00C5BC86F57}.Debug|x86.Build.0 = Debug|x86
		{8D03846A-62EB-4ABD-AE15-E00C5BC86F57}.Release|Any CPU.ActiveCfg = Release|Any CPU
		{8D03846A-62EB-4ABD-AE15-E00C5BC86F57}.Release|Any CPU.Build.0 = Release|Any CPU
		{8D03846A-62EB-4ABD-AE15-E00C5BC86F57}.Release|x64.ActiveCfg = Release|x64
		{8D03846A-62EB-4ABD-AE15-E00C5BC86F57}.Release|x64.Build.0 = Release|x64
		{8D03846A-62EB-4ABD-AE15-E00C5BC86F57}.Release|x86.ActiveCfg = Release|x86
		{8D03846A-62EB-4ABD-AE15-E00C5BC86F57}.Release|x86.Build.0 = Release|x86
		{1D398FFB-E387-4C54-ADB2-525144554873}.Debug|Any CPU.ActiveCfg = Debug|Any CPU
		{1D398FFB-E387-4C54-ADB2-525144554873}.Debug|Any CPU.Build.0 = Debug|Any CPU
		{1D398FFB-E387-4C54-ADB2-525144554873}.Debug|x64.ActiveCfg = Debug|x64
		{1D398FFB-E387-4C54-ADB2-525144554873}.Debug|x64.Build.0 = Debug|x64
		{1D398FFB-E387-4C54-ADB2-525144554873}.Debug|x86.ActiveCfg = Debug|x86
		{1D398FFB-E387-4C54-ADB2-525144554873}.Debug|x86.Build.0 = Debug|x86
		{1D398FFB-E387-4C54-ADB2-525144554873}.Release|Any CPU.ActiveCfg = Release|Any CPU
		{1D398FFB-E387-4C54-ADB2-525144554873}.Release|Any CPU.Build.0 = Release|Any CPU
		{1D398FFB-E387-4C54-ADB2-525144554873}.Release|x64.ActiveCfg = Release|x64
		{1D398FFB-E387-4C54-ADB2-525144554873}.Release|x64.Build.0 = Release|x64
		{1D398FFB-E387-4C54-ADB2-525144554873}.Release|x86.ActiveCfg = Release|x86
		{1D398FFB-E387-4C54-ADB2-525144554873}.Release|x86.Build.0 = Release|x86
		{5FB50967-82B7-4FFA-B537-A6CCDAD9057E}.Debug|Any CPU.ActiveCfg = Debug|Any CPU
		{5FB50967-82B7-4FFA-B537-A6CCDAD9057E}.Debug|Any CPU.Build.0 = Debug|Any CPU
		{5FB50967-82B7-4FFA-B537-A6CCDAD9057E}.Debug|x64.ActiveCfg = Debug|x64
		{5FB50967-82B7-4FFA-B537-A6CCDAD9057E}.Debug|x64.Build.0 = Debug|x64
		{5FB50967-82B7-4FFA-B537-A6CCDAD9057E}.Debug|x86.ActiveCfg = Debug|x86
		{5FB50967-82B7-4FFA-B537-A6CCDAD9057E}.Debug|x86.Build.0 = Debug|x86
		{5FB50967-82B7-4FFA-B537-A6CCDAD9057E}.Release|Any CPU.ActiveCfg = Release|Any CPU
		{5FB50967-82B7-4FFA-B537-A6CCDAD9057E}.Release|Any CPU.Build.0 = Release|Any CPU
		{5FB50967-82B7-4FFA-B537-A6CCDAD9057E}.Release|x64.ActiveCfg = Release|x64
		{5FB50967-82B7-4FFA-B537-A6CCDAD9057E}.Release|x64.Build.0 = Release|x64
		{5FB50967-82B7-4FFA-B537-A6CCDAD9057E}.Release|x86.ActiveCfg = Release|x86
		{5FB50967-82B7-4FFA-B537-A6CCDAD9057E}.Release|x86.Build.0 = Release|x86
		{CF0FF9E7-378D-44FE-858E-F7A1CF133ECD}.Debug|Any CPU.ActiveCfg = Debug|Any CPU
		{CF0FF9E7-378D-44FE-858E-F7A1CF133ECD}.Debug|Any CPU.Build.0 = Debug|Any CPU
		{CF0FF9E7-378D-44FE-858E-F7A1CF133ECD}.Debug|x64.ActiveCfg = Debug|x64
		{CF0FF9E7-378D-44FE-858E-F7A1CF133ECD}.Debug|x64.Build.0 = Debug|x64
		{CF0FF9E7-378D-44FE-858E-F7A1CF133ECD}.Debug|x86.ActiveCfg = Debug|x86
		{CF0FF9E7-378D-44FE-858E-F7A1CF133ECD}.Debug|x86.Build.0 = Debug|x86
		{CF0FF9E7-378D-44FE-858E-F7A1CF133ECD}.Release|Any CPU.ActiveCfg = Release|Any CPU
		{CF0FF9E7-378D-44FE-858E-F7A1CF133ECD}.Release|Any CPU.Build.0 = Release|Any CPU
		{CF0FF9E7-378D-44FE-858E-F7A1CF133ECD}.Release|x64.ActiveCfg = Release|x64
		{CF0FF9E7-378D-44FE-858E-F7A1CF133ECD}.Release|x64.Build.0 = Release|x64
		{CF0FF9E7-378D-44FE-858E-F7A1CF133ECD}.Release|x86.ActiveCfg = Release|x86
		{CF0FF9E7-378D-44FE-858E-F7A1CF133ECD}.Release|x86.Build.0 = Release|x86
	EndGlobalSection
	GlobalSection(NestedProjects) = preSolution
		{977A344E-5FC2-4DF5-AF22-D9C1CB52D8B1} = {95AF3621-9378-4BC6-8A3F-A097256F6B8D}
		{8D03846A-62EB-4ABD-AE15-E00C5BC86F57} = {95AF3621-9378-4BC6-8A3F-A097256F6B8D}
		{1D398FFB-E387-4C54-ADB2-525144554873} = {95AF3621-9378-4BC6-8A3F-A097256F6B8D}
		{5FB50967-82B7-4FFA-B537-A6CCDAD9057E} = {95AF3621-9378-4BC6-8A3F-A097256F6B8D}
		{CF0FF9E7-378D-44FE-858E-F7A1CF133ECD} = {95AF3621-9378-4BC6-8A3F-A097256F6B8D}
	EndGlobalSection
EndGlobal
